// !$*UTF8*$!
{
	archiveVersion = 1;
	classes = {
	};
	objectVersion = 46;
	objects = {

/* Begin PBXBuildFile section */
		EA3EEBAB1C0D95F4006421EC /* AudioToolbox.framework in Frameworks */ = {isa = PBXBuildFile; fileRef = EA3EEBAA1C0D95F4006421EC /* AudioToolbox.framework */; };
		EA3EEBB11C0DA99C006421EC /* fokak.m4a in Resources */ = {isa = PBXBuildFile; fileRef = EA3EEBB01C0DA99C006421EC /* fokak.m4a */; };
		EA5B117B1C0C9B2B00B90203 /* AppDelegate.swift in Sources */ = {isa = PBXBuildFile; fileRef = EA5B117A1C0C9B2B00B90203 /* AppDelegate.swift */; };
		EA5B117D1C0C9B2B00B90203 /* GameScene.sks in Resources */ = {isa = PBXBuildFile; fileRef = EA5B117C1C0C9B2B00B90203 /* GameScene.sks */; };
		EA5B117F1C0C9B2B00B90203 /* GameScene.swift in Sources */ = {isa = PBXBuildFile; fileRef = EA5B117E1C0C9B2B00B90203 /* GameScene.swift */; };
		EA5B11811C0C9B2B00B90203 /* GameViewController.swift in Sources */ = {isa = PBXBuildFile; fileRef = EA5B11801C0C9B2B00B90203 /* GameViewController.swift */; };
		EA5B11841C0C9B2B00B90203 /* Main.storyboard in Resources */ = {isa = PBXBuildFile; fileRef = EA5B11821C0C9B2B00B90203 /* Main.storyboard */; };
		EA5B11861C0C9B2B00B90203 /* Assets.xcassets in Resources */ = {isa = PBXBuildFile; fileRef = EA5B11851C0C9B2B00B90203 /* Assets.xcassets */; };
		EA5B11891C0C9B2B00B90203 /* LaunchScreen.storyboard in Resources */ = {isa = PBXBuildFile; fileRef = EA5B11871C0C9B2B00B90203 /* LaunchScreen.storyboard */; };
		EA5B11AD1C0C9B6100B90203 /* Level.swift in Sources */ = {isa = PBXBuildFile; fileRef = EA5B11AC1C0C9B6100B90203 /* Level.swift */; };
		EA5B11AF1C0C9B6D00B90203 /* Player.swift in Sources */ = {isa = PBXBuildFile; fileRef = EA5B11AE1C0C9B6D00B90203 /* Player.swift */; };
		EA5B11B11C0C9B9A00B90203 /* constants.swift in Sources */ = {isa = PBXBuildFile; fileRef = EA5B11B01C0C9B9A00B90203 /* constants.swift */; };
		EA5B11C31C0C9CEA00B90203 /* background.jpg in Resources */ = {isa = PBXBuildFile; fileRef = EA5B11B41C0C9CEA00B90203 /* background.jpg */; };
		EA5B11C41C0C9CEA00B90203 /* background@2x.jpg in Resources */ = {isa = PBXBuildFile; fileRef = EA5B11B51C0C9CEA00B90203 /* background@2x.jpg */; };
		EA5B11C51C0C9CEA00B90203 /* block.png in Resources */ = {isa = PBXBuildFile; fileRef = EA5B11B61C0C9CEA00B90203 /* block.png */; };
		EA5B11C61C0C9CEA00B90203 /* block@2x.png in Resources */ = {isa = PBXBuildFile; fileRef = EA5B11B71C0C9CEA00B90203 /* block@2x.png */; };
		EA5B11C71C0C9CEA00B90203 /* finish.png in Resources */ = {isa = PBXBuildFile; fileRef = EA5B11B81C0C9CEA00B90203 /* finish.png */; };
		EA5B11C81C0C9CEA00B90203 /* finish@2x.png in Resources */ = {isa = PBXBuildFile; fileRef = EA5B11B91C0C9CEA00B90203 /* finish@2x.png */; };
		EA5B11C91C0C9CEA00B90203 /* level1.txt in Resources */ = {isa = PBXBuildFile; fileRef = EA5B11BA1C0C9CEA00B90203 /* level1.txt */; };
		EA5B11CA1C0C9CEA00B90203 /* level2.txt in Resources */ = {isa = PBXBuildFile; fileRef = EA5B11BB1C0C9CEA00B90203 /* level2.txt */; };
		EA5B11CB1C0C9CEA00B90203 /* level3.txt in Resources */ = {isa = PBXBuildFile; fileRef = EA5B11BC1C0C9CEA00B90203 /* level3.txt */; };
		EA5B11CC1C0C9CEA00B90203 /* player.png in Resources */ = {isa = PBXBuildFile; fileRef = EA5B11BD1C0C9CEA00B90203 /* player.png */; };
		EA5B11CD1C0C9CEA00B90203 /* player@2x.png in Resources */ = {isa = PBXBuildFile; fileRef = EA5B11BE1C0C9CEA00B90203 /* player@2x.png */; };
		EA5B11CE1C0C9CEA00B90203 /* star.png in Resources */ = {isa = PBXBuildFile; fileRef = EA5B11BF1C0C9CEA00B90203 /* star.png */; };
		EA5B11CF1C0C9CEA00B90203 /* star@2x.png in Resources */ = {isa = PBXBuildFile; fileRef = EA5B11C01C0C9CEA00B90203 /* star@2x.png */; };
		EA5B11D01C0C9CEA00B90203 /* vortex.png in Resources */ = {isa = PBXBuildFile; fileRef = EA5B11C11C0C9CEA00B90203 /* vortex.png */; };
		EA5B11D11C0C9CEA00B90203 /* vortex@2x.png in Resources */ = {isa = PBXBuildFile; fileRef = EA5B11C21C0C9CEA00B90203 /* vortex@2x.png */; };
		EA5B11D51C0CA1C300B90203 /* level4.txt in Resources */ = {isa = PBXBuildFile; fileRef = EA5B11D41C0CA1C300B90203 /* level4.txt */; };
		EAF6CB241C0E42C7001E3B08 /* bullet.png in Resources */ = {isa = PBXBuildFile; fileRef = EAF6CB231C0E42C7001E3B08 /* bullet.png */; };
		EAF6CB261C0E4305001E3B08 /* Bullet.swift in Sources */ = {isa = PBXBuildFile; fileRef = EAF6CB251C0E4305001E3B08 /* Bullet.swift */; };
/* End PBXBuildFile section */

/* Begin PBXContainerItemProxy section */
		EA5B11901C0C9B2B00B90203 /* PBXContainerItemProxy */ = {
			isa = PBXContainerItemProxy;
			containerPortal = EA5B116F1C0C9B2B00B90203 /* Project object */;
			proxyType = 1;
			remoteGlobalIDString = EA5B11761C0C9B2B00B90203;
			remoteInfo = maze;
		};
		EA5B119B1C0C9B2B00B90203 /* PBXContainerItemProxy */ = {
			isa = PBXContainerItemProxy;
			containerPortal = EA5B116F1C0C9B2B00B90203 /* Project object */;
			proxyType = 1;
			remoteGlobalIDString = EA5B11761C0C9B2B00B90203;
			remoteInfo = maze;
		};
/* End PBXContainerItemProxy section */

/* Begin PBXFileReference section */
		EA3EEBAA1C0D95F4006421EC /* AudioToolbox.framework */ = {isa = PBXFileReference; lastKnownFileType = wrapper.framework; name = AudioToolbox.framework; path = System/Library/Frameworks/AudioToolbox.framework; sourceTree = SDKROOT; };
		EA3EEBB01C0DA99C006421EC /* fokak.m4a */ = {isa = PBXFileReference; lastKnownFileType = file; path = fokak.m4a; sourceTree = "<group>"; };
		EA5B11771C0C9B2B00B90203 /* maze.app */ = {isa = PBXFileReference; explicitFileType = wrapper.application; includeInIndex = 0; path = maze.app; sourceTree = BUILT_PRODUCTS_DIR; };
		EA5B117A1C0C9B2B00B90203 /* AppDelegate.swift */ = {isa = PBXFileReference; lastKnownFileType = sourcecode.swift; path = AppDelegate.swift; sourceTree = "<group>"; };
		EA5B117C1C0C9B2B00B90203 /* GameScene.sks */ = {isa = PBXFileReference; lastKnownFileType = file.sks; path = GameScene.sks; sourceTree = "<group>"; };
		EA5B117E1C0C9B2B00B90203 /* GameScene.swift */ = {isa = PBXFileReference; lastKnownFileType = sourcecode.swift; path = GameScene.swift; sourceTree = "<group>"; };
		EA5B11801C0C9B2B00B90203 /* GameViewController.swift */ = {isa = PBXFileReference; lastKnownFileType = sourcecode.swift; path = GameViewController.swift; sourceTree = "<group>"; };
		EA5B11831C0C9B2B00B90203 /* Base */ = {isa = PBXFileReference; lastKnownFileType = file.storyboard; name = Base; path = Base.lproj/Main.storyboard; sourceTree = "<group>"; };
		EA5B11851C0C9B2B00B90203 /* Assets.xcassets */ = {isa = PBXFileReference; lastKnownFileType = folder.assetcatalog; path = Assets.xcassets; sourceTree = "<group>"; };
		EA5B11881C0C9B2B00B90203 /* Base */ = {isa = PBXFileReference; lastKnownFileType = file.storyboard; name = Base; path = Base.lproj/LaunchScreen.storyboard; sourceTree = "<group>"; };
		EA5B118A1C0C9B2B00B90203 /* Info.plist */ = {isa = PBXFileReference; lastKnownFileType = text.plist.xml; path = Info.plist; sourceTree = "<group>"; };
		EA5B118F1C0C9B2B00B90203 /* mazeTests.xctest */ = {isa = PBXFileReference; explicitFileType = wrapper.cfbundle; includeInIndex = 0; path = mazeTests.xctest; sourceTree = BUILT_PRODUCTS_DIR; };
		EA5B119A1C0C9B2B00B90203 /* mazeUITests.xctest */ = {isa = PBXFileReference; explicitFileType = wrapper.cfbundle; includeInIndex = 0; path = mazeUITests.xctest; sourceTree = BUILT_PRODUCTS_DIR; };
		EA5B11AC1C0C9B6100B90203 /* Level.swift */ = {isa = PBXFileReference; fileEncoding = 4; lastKnownFileType = sourcecode.swift; path = Level.swift; sourceTree = "<group>"; };
		EA5B11AE1C0C9B6D00B90203 /* Player.swift */ = {isa = PBXFileReference; fileEncoding = 4; lastKnownFileType = sourcecode.swift; path = Player.swift; sourceTree = "<group>"; };
		EA5B11B01C0C9B9A00B90203 /* constants.swift */ = {isa = PBXFileReference; fileEncoding = 4; lastKnownFileType = sourcecode.swift; path = constants.swift; sourceTree = "<group>"; };
		EA5B11B41C0C9CEA00B90203 /* background.jpg */ = {isa = PBXFileReference; lastKnownFileType = image.jpeg; path = background.jpg; sourceTree = "<group>"; };
		EA5B11B51C0C9CEA00B90203 /* background@2x.jpg */ = {isa = PBXFileReference; lastKnownFileType = image.jpeg; path = "background@2x.jpg"; sourceTree = "<group>"; };
		EA5B11B61C0C9CEA00B90203 /* block.png */ = {isa = PBXFileReference; lastKnownFileType = image.png; path = block.png; sourceTree = "<group>"; };
		EA5B11B71C0C9CEA00B90203 /* block@2x.png */ = {isa = PBXFileReference; lastKnownFileType = image.png; path = "block@2x.png"; sourceTree = "<group>"; };
		EA5B11B81C0C9CEA00B90203 /* finish.png */ = {isa = PBXFileReference; lastKnownFileType = image.png; path = finish.png; sourceTree = "<group>"; };
		EA5B11B91C0C9CEA00B90203 /* finish@2x.png */ = {isa = PBXFileReference; lastKnownFileType = image.png; path = "finish@2x.png"; sourceTree = "<group>"; };
		EA5B11BA1C0C9CEA00B90203 /* level1.txt */ = {isa = PBXFileReference; fileEncoding = 4; lastKnownFileType = text; path = level1.txt; sourceTree = "<group>"; };
		EA5B11BB1C0C9CEA00B90203 /* level2.txt */ = {isa = PBXFileReference; fileEncoding = 4; lastKnownFileType = text; path = level2.txt; sourceTree = "<group>"; };
		EA5B11BC1C0C9CEA00B90203 /* level3.txt */ = {isa = PBXFileReference; fileEncoding = 4; lastKnownFileType = text; path = level3.txt; sourceTree = "<group>"; };
		EA5B11BD1C0C9CEA00B90203 /* player.png */ = {isa = PBXFileReference; lastKnownFileType = image.png; path = player.png; sourceTree = "<group>"; };
		EA5B11BE1C0C9CEA00B90203 /* player@2x.png */ = {isa = PBXFileReference; lastKnownFileType = image.png; path = "player@2x.png"; sourceTree = "<group>"; };
		EA5B11BF1C0C9CEA00B90203 /* star.png */ = {isa = PBXFileReference; lastKnownFileType = image.png; path = star.png; sourceTree = "<group>"; };
		EA5B11C01C0C9CEA00B90203 /* star@2x.png */ = {isa = PBXFileReference; lastKnownFileType = image.png; path = "star@2x.png"; sourceTree = "<group>"; };
		EA5B11C11C0C9CEA00B90203 /* vortex.png */ = {isa = PBXFileReference; lastKnownFileType = image.png; path = vortex.png; sourceTree = "<group>"; };
		EA5B11C21C0C9CEA00B90203 /* vortex@2x.png */ = {isa = PBXFileReference; lastKnownFileType = image.png; path = "vortex@2x.png"; sourceTree = "<group>"; };
		EA5B11D41C0CA1C300B90203 /* level4.txt */ = {isa = PBXFileReference; fileEncoding = 4; lastKnownFileType = text; path = level4.txt; sourceTree = "<group>"; };
		EAF6CB231C0E42C7001E3B08 /* bullet.png */ = {isa = PBXFileReference; lastKnownFileType = image.png; path = bullet.png; sourceTree = "<group>"; };
		EAF6CB251C0E4305001E3B08 /* Bullet.swift */ = {isa = PBXFileReference; fileEncoding = 4; lastKnownFileType = sourcecode.swift; name = Bullet.swift; path = ../Bullet.swift; sourceTree = "<group>"; };
/* End PBXFileReference section */

/* Begin PBXFrameworksBuildPhase section */
		EA5B11741C0C9B2B00B90203 /* Frameworks */ = {
			isa = PBXFrameworksBuildPhase;
			buildActionMask = 2147483647;
			files = (
				EA3EEBAB1C0D95F4006421EC /* AudioToolbox.framework in Frameworks */,
			);
			runOnlyForDeploymentPostprocessing = 0;
		};
		EA5B118C1C0C9B2B00B90203 /* Frameworks */ = {
			isa = PBXFrameworksBuildPhase;
			buildActionMask = 2147483647;
			files = (
			);
			runOnlyForDeploymentPostprocessing = 0;
		};
		EA5B11971C0C9B2B00B90203 /* Frameworks */ = {
			isa = PBXFrameworksBuildPhase;
			buildActionMask = 2147483647;
			files = (
			);
			runOnlyForDeploymentPostprocessing = 0;
		};
/* End PBXFrameworksBuildPhase section */

/* Begin PBXGroup section */
		EA5B116E1C0C9B2B00B90203 = {
			isa = PBXGroup;
			children = (
				EA3EEBAA1C0D95F4006421EC /* AudioToolbox.framework */,
				EA5B11781C0C9B2B00B90203 /* Products */,
				EA5B11791C0C9B2B00B90203 /* maze */,
			);
			sourceTree = "<group>";
		};
		EA5B11781C0C9B2B00B90203 /* Products */ = {
			isa = PBXGroup;
			children = (
				EA5B11771C0C9B2B00B90203 /* maze.app */,
				EA5B118F1C0C9B2B00B90203 /* mazeTests.xctest */,
				EA5B119A1C0C9B2B00B90203 /* mazeUITests.xctest */,
			);
			name = Products;
			sourceTree = "<group>";
		};
		EA5B11791C0C9B2B00B90203 /* maze */ = {
			isa = PBXGroup;
			children = (
				EA5B11D31C0C9D8A00B90203 /* content */,
				EA5B117A1C0C9B2B00B90203 /* AppDelegate.swift */,
				EA5B117C1C0C9B2B00B90203 /* GameScene.sks */,
				EA5B117E1C0C9B2B00B90203 /* GameScene.swift */,
				EA5B11801C0C9B2B00B90203 /* GameViewController.swift */,
				EA5B11821C0C9B2B00B90203 /* Main.storyboard */,
				EA5B11851C0C9B2B00B90203 /* Assets.xcassets */,
				EA5B11871C0C9B2B00B90203 /* LaunchScreen.storyboard */,
				EA5B118A1C0C9B2B00B90203 /* Info.plist */,
				EA5B11AC1C0C9B6100B90203 /* Level.swift */,
				EA5B11B01C0C9B9A00B90203 /* constants.swift */,
				EA5B11AE1C0C9B6D00B90203 /* Player.swift */,
				EAF6CB251C0E4305001E3B08 /* Bullet.swift */,
			);
			path = maze;
			sourceTree = "<group>";
		};
		EA5B11D31C0C9D8A00B90203 /* content */ = {
			isa = PBXGroup;
			children = (
				EAF6CB231C0E42C7001E3B08 /* bullet.png */,
				EA3EEBB01C0DA99C006421EC /* fokak.m4a */,
				EA5B11B41C0C9CEA00B90203 /* background.jpg */,
				EA5B11B51C0C9CEA00B90203 /* background@2x.jpg */,
				EA5B11B61C0C9CEA00B90203 /* block.png */,
				EA5B11B71C0C9CEA00B90203 /* block@2x.png */,
				EA5B11B81C0C9CEA00B90203 /* finish.png */,
				EA5B11B91C0C9CEA00B90203 /* finish@2x.png */,
				EA5B11BA1C0C9CEA00B90203 /* level1.txt */,
				EA5B11BB1C0C9CEA00B90203 /* level2.txt */,
				EA5B11BC1C0C9CEA00B90203 /* level3.txt */,
				EA5B11D41C0CA1C300B90203 /* level4.txt */,
				EA5B11BD1C0C9CEA00B90203 /* player.png */,
				EA5B11BE1C0C9CEA00B90203 /* player@2x.png */,
				EA5B11BF1C0C9CEA00B90203 /* star.png */,
				EA5B11C01C0C9CEA00B90203 /* star@2x.png */,
				EA5B11C11C0C9CEA00B90203 /* vortex.png */,
				EA5B11C21C0C9CEA00B90203 /* vortex@2x.png */,
			);
			name = content;
			sourceTree = "<group>";
		};
/* End PBXGroup section */

/* Begin PBXNativeTarget section */
		EA5B11761C0C9B2B00B90203 /* maze */ = {
			isa = PBXNativeTarget;
			buildConfigurationList = EA5B11A31C0C9B2B00B90203 /* Build configuration list for PBXNativeTarget "maze" */;
			buildPhases = (
				EA5B11731C0C9B2B00B90203 /* Sources */,
				EA5B11741C0C9B2B00B90203 /* Frameworks */,
				EA5B11751C0C9B2B00B90203 /* Resources */,
			);
			buildRules = (
			);
			dependencies = (
			);
			name = maze;
			productName = maze;
			productReference = EA5B11771C0C9B2B00B90203 /* maze.app */;
			productType = "com.apple.product-type.application";
		};
		EA5B118E1C0C9B2B00B90203 /* mazeTests */ = {
			isa = PBXNativeTarget;
			buildConfigurationList = EA5B11A61C0C9B2B00B90203 /* Build configuration list for PBXNativeTarget "mazeTests" */;
			buildPhases = (
				EA5B118B1C0C9B2B00B90203 /* Sources */,
				EA5B118C1C0C9B2B00B90203 /* Frameworks */,
				EA5B118D1C0C9B2B00B90203 /* Resources */,
			);
			buildRules = (
			);
			dependencies = (
				EA5B11911C0C9B2B00B90203 /* PBXTargetDependency */,
			);
			name = mazeTests;
			productName = mazeTests;
			productReference = EA5B118F1C0C9B2B00B90203 /* mazeTests.xctest */;
			productType = "com.apple.product-type.bundle.unit-test";
		};
		EA5B11991C0C9B2B00B90203 /* mazeUITests */ = {
			isa = PBXNativeTarget;
			buildConfigurationList = EA5B11A91C0C9B2B00B90203 /* Build configuration list for PBXNativeTarget "mazeUITests" */;
			buildPhases = (
				EA5B11961C0C9B2B00B90203 /* Sources */,
				EA5B11971C0C9B2B00B90203 /* Frameworks */,
				EA5B11981C0C9B2B00B90203 /* Resources */,
			);
			buildRules = (
			);
			dependencies = (
				EA5B119C1C0C9B2B00B90203 /* PBXTargetDependency */,
			);
			name = mazeUITests;
			productName = mazeUITests;
			productReference = EA5B119A1C0C9B2B00B90203 /* mazeUITests.xctest */;
			productType = "com.apple.product-type.bundle.ui-testing";
		};
/* End PBXNativeTarget section */

/* Begin PBXProject section */
		EA5B116F1C0C9B2B00B90203 /* Project object */ = {
			isa = PBXProject;
			attributes = {
				LastUpgradeCheck = 0700;
				ORGANIZATIONNAME = "Ahmed masoud";
				TargetAttributes = {
					EA5B11761C0C9B2B00B90203 = {
						CreatedOnToolsVersion = 7.0.1;
						DevelopmentTeam = CYKF9KP575;
					};
					EA5B118E1C0C9B2B00B90203 = {
						CreatedOnToolsVersion = 7.0.1;
						DevelopmentTeam = CYKF9KP575;
						TestTargetID = EA5B11761C0C9B2B00B90203;
					};
					EA5B11991C0C9B2B00B90203 = {
						CreatedOnToolsVersion = 7.0.1;
						DevelopmentTeam = CYKF9KP575;
						TestTargetID = EA5B11761C0C9B2B00B90203;
					};
				};
			};
			buildConfigurationList = EA5B11721C0C9B2B00B90203 /* Build configuration list for PBXProject "maze" */;
			compatibilityVersion = "Xcode 3.2";
			developmentRegion = English;
			hasScannedForEncodings = 0;
			knownRegions = (
				en,
				Base,
			);
			mainGroup = EA5B116E1C0C9B2B00B90203;
			productRefGroup = EA5B11781C0C9B2B00B90203 /* Products */;
			projectDirPath = "";
			projectRoot = "";
			targets = (
				EA5B11761C0C9B2B00B90203 /* maze */,
				EA5B118E1C0C9B2B00B90203 /* mazeTests */,
				EA5B11991C0C9B2B00B90203 /* mazeUITests */,
			);
		};
/* End PBXProject section */

/* Begin PBXResourcesBuildPhase section */
		EA5B11751C0C9B2B00B90203 /* Resources */ = {
			isa = PBXResourcesBuildPhase;
			buildActionMask = 2147483647;
			files = (
				EA3EEBB11C0DA99C006421EC /* fokak.m4a in Resources */,
				EA5B11D51C0CA1C300B90203 /* level4.txt in Resources */,
				EA5B11CC1C0C9CEA00B90203 /* player.png in Resources */,
				EAF6CB241C0E42C7001E3B08 /* bullet.png in Resources */,
				EA5B117D1C0C9B2B00B90203 /* GameScene.sks in Resources */,
				EA5B11CB1C0C9CEA00B90203 /* level3.txt in Resources */,
				EA5B11C51C0C9CEA00B90203 /* block.png in Resources */,
				EA5B11CA1C0C9CEA00B90203 /* level2.txt in Resources */,
				EA5B11CE1C0C9CEA00B90203 /* star.png in Resources */,
				EA5B11C31C0C9CEA00B90203 /* background.jpg in Resources */,
				EA5B11D01C0C9CEA00B90203 /* vortex.png in Resources */,
				EA5B11891C0C9B2B00B90203 /* LaunchScreen.storyboard in Resources */,
				EA5B11C61C0C9CEA00B90203 /* block@2x.png in Resources */,
				EA5B11861C0C9B2B00B90203 /* Assets.xcassets in Resources */,
				EA5B11C41C0C9CEA00B90203 /* background@2x.jpg in Resources */,
				EA5B11C81C0C9CEA00B90203 /* finish@2x.png in Resources */,
				EA5B11C71C0C9CEA00B90203 /* finish.png in Resources */,
				EA5B11C91C0C9CEA00B90203 /* level1.txt in Resources */,
				EA5B11CF1C0C9CEA00B90203 /* star@2x.png in Resources */,
				EA5B11D11C0C9CEA00B90203 /* vortex@2x.png in Resources */,
				EA5B11CD1C0C9CEA00B90203 /* player@2x.png in Resources */,
				EA5B11841C0C9B2B00B90203 /* Main.storyboard in Resources */,
			);
			runOnlyForDeploymentPostprocessing = 0;
		};
		EA5B118D1C0C9B2B00B90203 /* Resources */ = {
			isa = PBXResourcesBuildPhase;
			buildActionMask = 2147483647;
			files = (
			);
			runOnlyForDeploymentPostprocessing = 0;
		};
		EA5B11981C0C9B2B00B90203 /* Resources */ = {
			isa = PBXResourcesBuildPhase;
			buildActionMask = 2147483647;
			files = (
			);
			runOnlyForDeploymentPostprocessing = 0;
		};
/* End PBXResourcesBuildPhase section */

/* Begin PBXSourcesBuildPhase section */
		EA5B11731C0C9B2B00B90203 /* Sources */ = {
			isa = PBXSourcesBuildPhase;
			buildActionMask = 2147483647;
			files = (
				EA5B117F1C0C9B2B00B90203 /* GameScene.swift in Sources */,
				EA5B11811C0C9B2B00B90203 /* GameViewController.swift in Sources */,
				EA5B11AD1C0C9B6100B90203 /* Level.swift in Sources */,
				EAF6CB261C0E4305001E3B08 /* Bullet.swift in Sources */,
				EA5B11AF1C0C9B6D00B90203 /* Player.swift in Sources */,
				EA5B117B1C0C9B2B00B90203 /* AppDelegate.swift in Sources */,
				EA5B11B11C0C9B9A00B90203 /* constants.swift in Sources */,
			);
			runOnlyForDeploymentPostprocessing = 0;
		};
		EA5B118B1C0C9B2B00B90203 /* Sources */ = {
			isa = PBXSourcesBuildPhase;
			buildActionMask = 2147483647;
			files = (
			);
			runOnlyForDeploymentPostprocessing = 0;
		};
		EA5B11961C0C9B2B00B90203 /* Sources */ = {
			isa = PBXSourcesBuildPhase;
			buildActionMask = 2147483647;
			files = (
			);
			runOnlyForDeploymentPostprocessing = 0;
		};
/* End PBXSourcesBuildPhase section */

/* Begin PBXTargetDependency section */
		EA5B11911C0C9B2B00B90203 /* PBXTargetDependency */ = {
			isa = PBXTargetDependency;
			target = EA5B11761C0C9B2B00B90203 /* maze */;
			targetProxy = EA5B11901C0C9B2B00B90203 /* PBXContainerItemProxy */;
		};
		EA5B119C1C0C9B2B00B90203 /* PBXTargetDependency */ = {
			isa = PBXTargetDependency;
			target = EA5B11761C0C9B2B00B90203 /* maze */;
			targetProxy = EA5B119B1C0C9B2B00B90203 /* PBXContainerItemProxy */;
		};
/* End PBXTargetDependency section */

/* Begin PBXVariantGroup section */
		EA5B11821C0C9B2B00B90203 /* Main.storyboard */ = {
			isa = PBXVariantGroup;
			children = (
				EA5B11831C0C9B2B00B90203 /* Base */,
			);
			name = Main.storyboard;
			sourceTree = "<group>";
		};
		EA5B11871C0C9B2B00B90203 /* LaunchScreen.storyboard */ = {
			isa = PBXVariantGroup;
			children = (
				EA5B11881C0C9B2B00B90203 /* Base */,
			);
			name = LaunchScreen.storyboard;
			sourceTree = "<group>";
		};
/* End PBXVariantGroup section */

/* Begin XCBuildConfiguration section */
		EA5B11A11C0C9B2B00B90203 /* Debug */ = {
			isa = XCBuildConfiguration;
			buildSettings = {
				ALWAYS_SEARCH_USER_PATHS = NO;
				CLANG_CXX_LANGUAGE_STANDARD = "gnu++0x";
				CLANG_CXX_LIBRARY = "libc++";
				CLANG_ENABLE_MODULES = YES;
				CLANG_ENABLE_OBJC_ARC = YES;
				CLANG_WARN_BOOL_CONVERSION = YES;
				CLANG_WARN_CONSTANT_CONVERSION = YES;
				CLANG_WARN_DIRECT_OBJC_ISA_USAGE = YES_ERROR;
				CLANG_WARN_EMPTY_BODY = YES;
				CLANG_WARN_ENUM_CONVERSION = YES;
				CLANG_WARN_INT_CONVERSION = YES;
				CLANG_WARN_OBJC_ROOT_CLASS = YES_ERROR;
				CLANG_WARN_UNREACHABLE_CODE = YES;
				CLANG_WARN__DUPLICATE_METHOD_MATCH = YES;
				"CODE_SIGN_IDENTITY[sdk=iphoneos*]" = "iPhone Developer";
				COPY_PHASE_STRIP = NO;
				DEBUG_INFORMATION_FORMAT = "dwarf-with-dsym";
				ENABLE_STRICT_OBJC_MSGSEND = YES;
				ENABLE_TESTABILITY = YES;
				GCC_C_LANGUAGE_STANDARD = gnu99;
				GCC_DYNAMIC_NO_PIC = NO;
				GCC_NO_COMMON_BLOCKS = YES;
				GCC_OPTIMIZATION_LEVEL = 0;
				GCC_PREPROCESSOR_DEFINITIONS = (
					"DEBUG=1",
					"$(inherited)",
				);
				GCC_WARN_64_TO_32_BIT_CONVERSION = YES;
				GCC_WARN_ABOUT_RETURN_TYPE = YES_ERROR;
				GCC_WARN_UNDECLARED_SELECTOR = YES;
				GCC_WARN_UNINITIALIZED_AUTOS = YES_AGGRESSIVE;
				GCC_WARN_UNUSED_FUNCTION = YES;
				GCC_WARN_UNUSED_VARIABLE = YES;
				IPHONEOS_DEPLOYMENT_TARGET = 9.0;
				MTL_ENABLE_DEBUG_INFO = YES;
				ONLY_ACTIVE_ARCH = YES;
				SDKROOT = iphoneos;
				SWIFT_OPTIMIZATION_LEVEL = "-Onone";
			};
			name = Debug;
		};
		EA5B11A21C0C9B2B00B90203 /* Release */ = {
			isa = XCBuildConfiguration;
			buildSettings = {
				ALWAYS_SEARCH_USER_PATHS = NO;
				CLANG_CXX_LANGUAGE_STANDARD = "gnu++0x";
				CLANG_CXX_LIBRARY = "libc++";
				CLANG_ENABLE_MODULES = YES;
				CLANG_ENABLE_OBJC_ARC = YES;
				CLANG_WARN_BOOL_CONVERSION = YES;
				CLANG_WARN_CONSTANT_CONVERSION = YES;
				CLANG_WARN_DIRECT_OBJC_ISA_USAGE = YES_ERROR;
				CLANG_WARN_EMPTY_BODY = YES;
				CLANG_WARN_ENUM_CONVERSION = YES;
				CLANG_WARN_INT_CONVERSION = YES;
				CLANG_WARN_OBJC_ROOT_CLASS = YES_ERROR;
				CLANG_WARN_UNREACHABLE_CODE = YES;
				CLANG_WARN__DUPLICATE_METHOD_MATCH = YES;
				"CODE_SIGN_IDENTITY[sdk=iphoneos*]" = "iPhone Developer";
				COPY_PHASE_STRIP = NO;
				DEBUG_INFORMATION_FORMAT = "dwarf-with-dsym";
				ENABLE_NS_ASSERTIONS = NO;
				ENABLE_STRICT_OBJC_MSGSEND = YES;
				GCC_C_LANGUAGE_STANDARD = gnu99;
				GCC_NO_COMMON_BLOCKS = YES;
				GCC_WARN_64_TO_32_BIT_CONVERSION = YES;
				GCC_WARN_ABOUT_RETURN_TYPE = YES_ERROR;
				GCC_WARN_UNDECLARED_SELECTOR = YES;
				GCC_WARN_UNINITIALIZED_AUTOS = YES_AGGRESSIVE;
				GCC_WARN_UNUSED_FUNCTION = YES;
				GCC_WARN_UNUSED_VARIABLE = YES;
				IPHONEOS_DEPLOYMENT_TARGET = 9.0;
				MTL_ENABLE_DEBUG_INFO = NO;
				SDKROOT = iphoneos;
				VALIDATE_PRODUCT = YES;
			};
			name = Release;
		};
		EA5B11A41C0C9B2B00B90203 /* Debug */ = {
			isa = XCBuildConfiguration;
			buildSettings = {
				ASSETCATALOG_COMPILER_APPICON_NAME = AppIcon;
				INFOPLIST_FILE = maze/Info.plist;
				IPHONEOS_DEPLOYMENT_TARGET = 8.1;
				LD_RUNPATH_SEARCH_PATHS = "$(inherited) @executable_path/Frameworks";
				PRODUCT_BUNDLE_IDENTIFIER = SICASM.maze;
				PRODUCT_NAME = "$(TARGET_NAME)";
				TARGETED_DEVICE_FAMILY = 1;
			};
			name = Debug;
		};
		EA5B11A51C0C9B2B00B90203 /* Release */ = {
			isa = XCBuildConfiguration;
			buildSettings = {
				ASSETCATALOG_COMPILER_APPICON_NAME = AppIcon;
				INFOPLIST_FILE = maze/Info.plist;
				IPHONEOS_DEPLOYMENT_TARGET = 8.1;
				LD_RUNPATH_SEARCH_PATHS = "$(inherited) @executable_path/Frameworks";
				PRODUCT_BUNDLE_IDENTIFIER = SICASM.maze;
				PRODUCT_NAME = "$(TARGET_NAME)";
				TARGETED_DEVICE_FAMILY = 1;
			};
			name = Release;
		};
		EA5B11A71C0C9B2B00B90203 /* Debug */ = {
			isa = XCBuildConfiguration;
			buildSettings = {
				BUNDLE_LOADER = "$(TEST_HOST)";
				DEBUG_INFORMATION_FORMAT = dwarf;
				INFOPLIST_FILE = mazeTests/Info.plist;
				LD_RUNPATH_SEARCH_PATHS = "$(inherited) @executable_path/Frameworks @loader_path/Frameworks";
				PRODUCT_BUNDLE_IDENTIFIER = SICASM.mazeTests;
				PRODUCT_NAME = "$(TARGET_NAME)";
				TEST_HOST = "$(BUILT_PRODUCTS_DIR)/maze.app/maze";
			};
			name = Debug;
		};
		EA5B11A81C0C9B2B00B90203 /* Release */ = {
			isa = XCBuildConfiguration;
			buildSettings = {
				BUNDLE_LOADER = "$(TEST_HOST)";
				INFOPLIST_FILE = mazeTests/Info.plist;
				LD_RUNPATH_SEARCH_PATHS = "$(inherited) @executable_path/Frameworks @loader_path/Frameworks";
				PRODUCT_BUNDLE_IDENTIFIER = SICASM.mazeTests;
				PRODUCT_NAME = "$(TARGET_NAME)";
				TEST_HOST = "$(BUILT_PRODUCTS_DIR)/maze.app/maze";
			};
			name = Release;
		};
		EA5B11AA1C0C9B2B00B90203 /* Debug */ = {
			isa = XCBuildConfiguration;
			buildSettings = {
				DEBUG_INFORMATION_FORMAT = dwarf;
				INFOPLIST_FILE = mazeUITests/Info.plist;
				LD_RUNPATH_SEARCH_PATHS = "$(inherited) @executable_path/Frameworks @loader_path/Frameworks";
				PRODUCT_BUNDLE_IDENTIFIER = SICASM.mazeUITests;
				PRODUCT_NAME = "$(TARGET_NAME)";
				TEST_TARGET_NAME = maze;
				USES_XCTRUNNER = YES;
			};
			name = Debug;
		};
		EA5B11AB1C0C9B2B00B90203 /* Release */ = {
			isa = XCBuildConfiguration;
			buildSettings = {
				INFOPLIST_FILE = mazeUITests/Info.plist;
				LD_RUNPATH_SEARCH_PATHS = "$(inherited) @executable_path/Frameworks @loader_path/Frameworks";
				PRODUCT_BUNDLE_IDENTIFIER = SICASM.mazeUITests;
				PRODUCT_NAME = "$(TARGET_NAME)";
				TEST_TARGET_NAME = maze;
				USES_XCTRUNNER = YES;
			};
			name = Release;
		};
/* End XCBuildConfiguration section */

/* Begin XCConfigurationList section */
		EA5B11721C0C9B2B00B90203 /* Build configuration list for PBXProject "maze" */ = {
			isa = XCConfigurationList;
			buildConfigurations = (
				EA5B11A11C0C9B2B00B90203 /* Debug */,
				EA5B11A21C0C9B2B00B90203 /* Release */,
			);
			defaultConfigurationIsVisible = 0;
			defaultConfigurationName = Release;
		};
		EA5B11A31C0C9B2B00B90203 /* Build configuration list for PBXNativeTarget "maze" */ = {
			isa = XCConfigurationList;
			buildConfigurations = (
				EA5B11A41C0C9B2B00B90203 /* Debug */,
				EA5B11A51C0C9B2B00B90203 /* Release */,
			);
			defaultConfigurationIsVisible = 0;
			defaultConfigurationName = Release;
		};
		EA5B11A61C0C9B2B00B90203 /* Build configuration list for PBXNativeTarget "mazeTests" */ = {
			isa = XCConfigurationList;
			buildConfigurations = (
				EA5B11A71C0C9B2B00B90203 /* Debug */,
				EA5B11A81C0C9B2B00B90203 /* Release */,
			);
			defaultConfigurationIsVisible = 0;
			defaultConfigurationName = Release;
		};
		EA5B11A91C0C9B2B00B90203 /* Build configuration list for PBXNativeTarget "mazeUITests" */ = {
			isa = XCConfigurationList;
			buildConfigurations = (
				EA5B11AA1C0C9B2B00B90203 /* Debug */,
				EA5B11AB1C0C9B2B00B90203 /* Release */,
			);
			defaultConfigurationIsVisible = 0;
			defaultConfigurationName = Release;
		};
/* End XCConfigurationList section */
	};
	rootObject = EA5B116F1C0C9B2B00B90203 /* Project object */;
}
